github.com/achiku/xml v0.0.0-20160516105457-6df680e7a323 h1:o9AIHtW1csW1AArK+vJi4WmHS6n361CpHWYgKrQEd6U=
github.com/achiku/xml v0.0.0-20160516105457-6df680e7a323/go.mod h1:DD9nb7nE13l2ka5R3P8yj1M7GRlVMrzxNDrYQuNTOAc=
github.com/davecgh/go-spew v1.1.0 h1:ZDRjVQ15GmhC3fiQ8ni8+OwkZQO4DARzQgrnXU1Liz8=
github.com/gunsluo/goews/v2 v2.0.1-0.20220616071507-289230cd7eed h1:RLTKQ3E1YpS5TBlNGOo6gQlOzbk+xTSFn03YbCo8WAA=
github.com/gunsluo/goews/v2 v2.0.1-0.20220616071507-289230cd7eed/go.mod h1:uHAv4GdnntoK8+O5TpVZnkK01iaTsT6cNSxo8I+P7q8=
github.com/pmezard/go-difflib v1.0.0 h1:4DBwDE0NGyQoBHbLQYPwSUPoCMWR5BEzIk/f1lZbAQM=
github.com/stretchr/testify v1.7.2 h1:4jaiDzPyXQvSd7D0EjG45355tLlV3VOECpq10pLC+8s=
github.com/vadimi/go-http-ntlm/v2 v2.4.1 h1:y/OWq3pp8+qQymcYHf7rztV9VcLH3cbqnIa4WSXFRVw=
github.com/vadimi/go-http-ntlm/v2 v2.4.1/go.mod h1:KduY1xBqaL8Q2Rh/erMvRQHKoj3VAT9GNYxe9EH+rOo=
github.com/vadimi/go-ntlm v1.2.1 h1:y2xZf/a5+BJlYNJIIulP1q8F438H9bU7aGcYE53vghQ=
github.com/vadimi/go-ntlm v1.2.1/go.mod h1:hPTY60eLSKGj9oUJAB+kZiLs2Cg5eKdH60aLczM9rMg=
gopkg.in/yaml.v3 v3.0.1 h1:fxVm/GzAzEWqLHuvctI91KS9hhNmmWOoWu0XTYJS7CA=
