github.com/Azure/go-ntlmssp v0.0.0-20211209120228-48547f28849e h1:ZU22z/2YRFLyf/P4ZwUYSdNCWsMEI0VeyrFoI2rAhJQ=
github.com/Azure/go-ntlmssp v0.0.0-20211209120228-48547f28849e/go.mod h1:chxPXzSsl7ZWRAuOIE23GDNzjWuZquvFlgA8xmpunjU=
github.com/achiku/xml v0.0.0-20160516105457-6df680e7a323 h1:o9AIHtW1csW1AArK+vJi4WmHS6n361CpHWYgKrQEd6U=
github.com/achiku/xml v0.0.0-20160516105457-6df680e7a323/go.mod h1:DD9nb7nE13l2ka5R3P8yj1M7GRlVMrzxNDrYQuNTOAc=
github.com/davecgh/go-spew v1.1.0 h1:ZDRjVQ15GmhC3fiQ8ni8+OwkZQO4DARzQgrnXU1Liz8=
github.com/gunsluo/goews/v2 v2.0.0 h1:nUY1p/a/4BKFpa/+E+s1upNxyT36LETY32JIk4X29PE=
github.com/gunsluo/goews/v2 v2.0.0/go.mod h1:sqiO5ZB5PH5J4cWxms4hk77n26U/Ocbddkg7vfvxjak=
github.com/pmezard/go-difflib v1.0.0 h1:4DBwDE0NGyQoBHbLQYPwSUPoCMWR5BEzIk/f1lZbAQM=
github.com/stretchr/testify v1.7.2 h1:4jaiDzPyXQvSd7D0EjG45355tLlV3VOECpq10pLC+8s=
golang.org/x/crypto v0.0.0-20220525230936-793ad666bf5e h1:T8NU3HyQ8ClP4SEE+KbFlg6n0NhuTsN4MyznaarGsZM=
golang.org/x/crypto v0.0.0-20220525230936-793ad666bf5e/go.mod h1:IxCIyHEi3zRg3s0A5j5BB6A9Jmi73HwBIUl50j+osU4=
gopkg.in/yaml.v3 v3.0.1 h1:fxVm/GzAzEWqLHuvctI91KS9hhNmmWOoWu0XTYJS7CA=
